
Microsoft Visual Studio Solution File, Format Version 12.00
Project("{FAE04EC0-301F-11D3-BF4B-00C04F79EFBC}") = "PoetSite", "PoetSite\PoetSite.csproj", "{3485EA76-096E-418D-8696-3A1AE927D757}"
EndProject
Global
	GlobalSection(SolutionConfigurationPlatforms) = preSolution
		Debug|Any CPU = Debug|Any CPU
		Release|Any CPU = Release|Any CPU
	EndGlobalSection
	GlobalSection(ProjectConfigurationPlatforms) = postSolution
		{3485EA76-096E-418D-8696-3A1AE927D757}.Debug|Any CPU.ActiveCfg = Debug|Any CPU
		{3485EA76-096E-418D-8696-3A1AE927D757}.Debug|Any CPU.Build.0 = Debug|Any CPU
		{3485EA76-096E-418D-8696-3A1AE927D757}.Release|Any CPU.ActiveCfg = Release|Any CPU
		{3485EA76-096E-418D-8696-3A1AE927D757}.Release|Any CPU.Build.0 = Release|Any CPU
	EndGlobalSection
EndGlobal
